// !$*UTF8*$!
{
	archiveVersion = 1;
	classes = {
	};
	objectVersion = 55;
	objects = {

/* Begin PBXBuildFile section */
		01297A7B0CDCA6848245507D /* Pods_studyViewCode.framework in Frameworks */ = {isa = PBXBuildFile; fileRef = BCE095B01A4702001C0336A8 /* Pods_studyViewCode.framework */; };
		4AF573ED29787D23008957E7 /* AppDelegate.swift in Sources */ = {isa = PBXBuildFile; fileRef = 4AF573EC29787D23008957E7 /* AppDelegate.swift */; };
		4AF573EF29787D23008957E7 /* SceneDelegate.swift in Sources */ = {isa = PBXBuildFile; fileRef = 4AF573EE29787D23008957E7 /* SceneDelegate.swift */; };
		4AF573F129787D23008957E7 /* HomeViewController.swift in Sources */ = {isa = PBXBuildFile; fileRef = 4AF573F029787D23008957E7 /* HomeViewController.swift */; };
		4AF573F629787D28008957E7 /* Assets.xcassets in Resources */ = {isa = PBXBuildFile; fileRef = 4AF573F529787D28008957E7 /* Assets.xcassets */; };
		4AF573F929787D28008957E7 /* LaunchScreen.storyboard in Resources */ = {isa = PBXBuildFile; fileRef = 4AF573F729787D28008957E7 /* LaunchScreen.storyboard */; };
		4AF5740229789149008957E7 /* User.swift in Sources */ = {isa = PBXBuildFile; fileRef = 4AF5740129789149008957E7 /* User.swift */; };
		4AF574062978920C008957E7 /* ViewModel.swift in Sources */ = {isa = PBXBuildFile; fileRef = 4AF574052978920C008957E7 /* ViewModel.swift */; };
		4AF5740A29799578008957E7 /* CustomTableViewCell.swift in Sources */ = {isa = PBXBuildFile; fileRef = 4AF5740929799578008957E7 /* CustomTableViewCell.swift */; };
		4AF5740C297995D6008957E7 /* CustomCellViewModel.swift in Sources */ = {isa = PBXBuildFile; fileRef = 4AF5740B297995D6008957E7 /* CustomCellViewModel.swift */; };
		4AF5740F2979E2B2008957E7 /* HomeViewScreen.swift in Sources */ = {isa = PBXBuildFile; fileRef = 4AF5740E2979E2B2008957E7 /* HomeViewScreen.swift */; };
		4AF57412297F0553008957E7 /* CustomTableViewCellScreen.swift in Sources */ = {isa = PBXBuildFile; fileRef = 4AF57411297F0553008957E7 /* CustomTableViewCellScreen.swift */; };
		4AF57415298022E6008957E7 /* Service.swift in Sources */ = {isa = PBXBuildFile; fileRef = 4AF57414298022E6008957E7 /* Service.swift */; };
		4AF5741729802653008957E7 /* user.json in Resources */ = {isa = PBXBuildFile; fileRef = 4AF5741629802653008957E7 /* user.json */; };
/* End PBXBuildFile section */

/* Begin PBXFileReference section */
		051D34CEF3ED8FCA228F5F13 /* Pods-studyViewCode.release.xcconfig */ = {isa = PBXFileReference; includeInIndex = 1; lastKnownFileType = text.xcconfig; name = "Pods-studyViewCode.release.xcconfig"; path = "Target Support Files/Pods-studyViewCode/Pods-studyViewCode.release.xcconfig"; sourceTree = "<group>"; };
		4AF573E929787D23008957E7 /* studyViewCode.app */ = {isa = PBXFileReference; explicitFileType = wrapper.application; includeInIndex = 0; path = studyViewCode.app; sourceTree = BUILT_PRODUCTS_DIR; };
		4AF573EC29787D23008957E7 /* AppDelegate.swift */ = {isa = PBXFileReference; lastKnownFileType = sourcecode.swift; path = AppDelegate.swift; sourceTree = "<group>"; };
		4AF573EE29787D23008957E7 /* SceneDelegate.swift */ = {isa = PBXFileReference; lastKnownFileType = sourcecode.swift; path = SceneDelegate.swift; sourceTree = "<group>"; };
		4AF573F029787D23008957E7 /* HomeViewController.swift */ = {isa = PBXFileReference; lastKnownFileType = sourcecode.swift; path = HomeViewController.swift; sourceTree = "<group>"; };
		4AF573F529787D28008957E7 /* Assets.xcassets */ = {isa = PBXFileReference; lastKnownFileType = folder.assetcatalog; path = Assets.xcassets; sourceTree = "<group>"; };
		4AF573F829787D28008957E7 /* Base */ = {isa = PBXFileReference; lastKnownFileType = file.storyboard; name = Base; path = Base.lproj/LaunchScreen.storyboard; sourceTree = "<group>"; };
		4AF573FA29787D28008957E7 /* Info.plist */ = {isa = PBXFileReference; lastKnownFileType = text.plist.xml; path = Info.plist; sourceTree = "<group>"; };
		4AF5740129789149008957E7 /* User.swift */ = {isa = PBXFileReference; lastKnownFileType = sourcecode.swift; path = User.swift; sourceTree = "<group>"; };
		4AF574052978920C008957E7 /* ViewModel.swift */ = {isa = PBXFileReference; lastKnownFileType = sourcecode.swift; path = ViewModel.swift; sourceTree = "<group>"; };
		4AF5740929799578008957E7 /* CustomTableViewCell.swift */ = {isa = PBXFileReference; lastKnownFileType = sourcecode.swift; path = CustomTableViewCell.swift; sourceTree = "<group>"; };
		4AF5740B297995D6008957E7 /* CustomCellViewModel.swift */ = {isa = PBXFileReference; lastKnownFileType = sourcecode.swift; path = CustomCellViewModel.swift; sourceTree = "<group>"; };
		4AF5740E2979E2B2008957E7 /* HomeViewScreen.swift */ = {isa = PBXFileReference; lastKnownFileType = sourcecode.swift; path = HomeViewScreen.swift; sourceTree = "<group>"; };
		4AF57411297F0553008957E7 /* CustomTableViewCellScreen.swift */ = {isa = PBXFileReference; lastKnownFileType = sourcecode.swift; path = CustomTableViewCellScreen.swift; sourceTree = "<group>"; };
		4AF57414298022E6008957E7 /* Service.swift */ = {isa = PBXFileReference; lastKnownFileType = sourcecode.swift; path = Service.swift; sourceTree = "<group>"; };
		4AF5741629802653008957E7 /* user.json */ = {isa = PBXFileReference; lastKnownFileType = text.json; path = user.json; sourceTree = "<group>"; };
		76DC506D265CDB83DC121B45 /* Pods-studyViewCode.debug.xcconfig */ = {isa = PBXFileReference; includeInIndex = 1; lastKnownFileType = text.xcconfig; name = "Pods-studyViewCode.debug.xcconfig"; path = "Target Support Files/Pods-studyViewCode/Pods-studyViewCode.debug.xcconfig"; sourceTree = "<group>"; };
		BCE095B01A4702001C0336A8 /* Pods_studyViewCode.framework */ = {isa = PBXFileReference; explicitFileType = wrapper.framework; includeInIndex = 0; path = Pods_studyViewCode.framework; sourceTree = BUILT_PRODUCTS_DIR; };
/* End PBXFileReference section */

/* Begin PBXFrameworksBuildPhase section */
		4AF573E629787D23008957E7 /* Frameworks */ = {
			isa = PBXFrameworksBuildPhase;
			buildActionMask = 2147483647;
			files = (
				01297A7B0CDCA6848245507D /* Pods_studyViewCode.framework in Frameworks */,
			);
			runOnlyForDeploymentPostprocessing = 0;
		};
/* End PBXFrameworksBuildPhase section */

/* Begin PBXGroup section */
		4AF573E029787D23008957E7 = {
			isa = PBXGroup;
			children = (
				4AF57413298022C6008957E7 /* Service */,
				4AF573EB29787D23008957E7 /* studyViewCode */,
				4AF573EA29787D23008957E7 /* Products */,
				9D515C9D8215559C3A1C9E28 /* Pods */,
				ABB0B47CE103217B24DDE5BF /* Frameworks */,
			);
			sourceTree = "<group>";
		};
		4AF573EA29787D23008957E7 /* Products */ = {
			isa = PBXGroup;
			children = (
				4AF573E929787D23008957E7 /* studyViewCode.app */,
			);
			name = Products;
			sourceTree = "<group>";
		};
		4AF573EB29787D23008957E7 /* studyViewCode */ = {
			isa = PBXGroup;
			children = (
				4AF57407297994F8008957E7 /* Cell */,
				4AF57404297891DA008957E7 /* ViewModel */,
				4AF57403297891CD008957E7 /* View */,
				4AF5740029789123008957E7 /* Model */,
				4AF573EC29787D23008957E7 /* AppDelegate.swift */,
				4AF573EE29787D23008957E7 /* SceneDelegate.swift */,
				4AF573F529787D28008957E7 /* Assets.xcassets */,
				4AF573F729787D28008957E7 /* LaunchScreen.storyboard */,
				4AF573FA29787D28008957E7 /* Info.plist */,
				4AF5741629802653008957E7 /* user.json */,
			);
			path = studyViewCode;
			sourceTree = "<group>";
		};
		4AF5740029789123008957E7 /* Model */ = {
			isa = PBXGroup;
			children = (
				4AF5740129789149008957E7 /* User.swift */,
			);
			path = Model;
			sourceTree = "<group>";
		};
		4AF57403297891CD008957E7 /* View */ = {
			isa = PBXGroup;
			children = (
				4AF5740D2979E283008957E7 /* Screen */,
				4AF573F029787D23008957E7 /* HomeViewController.swift */,
			);
			path = View;
			sourceTree = "<group>";
		};
		4AF57404297891DA008957E7 /* ViewModel */ = {
			isa = PBXGroup;
			children = (
				4AF574052978920C008957E7 /* ViewModel.swift */,
			);
			path = ViewModel;
			sourceTree = "<group>";
		};
		4AF57407297994F8008957E7 /* Cell */ = {
			isa = PBXGroup;
			children = (
				4AF57410297F052E008957E7 /* Screen */,
				4AF5740829799514008957E7 /* ViewModel */,
				4AF5740929799578008957E7 /* CustomTableViewCell.swift */,
			);
			path = Cell;
			sourceTree = "<group>";
		};
		4AF5740829799514008957E7 /* ViewModel */ = {
			isa = PBXGroup;
			children = (
				4AF5740B297995D6008957E7 /* CustomCellViewModel.swift */,
			);
			path = ViewModel;
			sourceTree = "<group>";
		};
		4AF5740D2979E283008957E7 /* Screen */ = {
			isa = PBXGroup;
			children = (
				4AF5740E2979E2B2008957E7 /* HomeViewScreen.swift */,
			);
			path = Screen;
			sourceTree = "<group>";
		};
		4AF57410297F052E008957E7 /* Screen */ = {
			isa = PBXGroup;
			children = (
				4AF57411297F0553008957E7 /* CustomTableViewCellScreen.swift */,
			);
			path = Screen;
			sourceTree = "<group>";
		};
		4AF57413298022C6008957E7 /* Service */ = {
			isa = PBXGroup;
			children = (
				4AF57414298022E6008957E7 /* Service.swift */,
			);
			path = Service;
			sourceTree = "<group>";
		};
		9D515C9D8215559C3A1C9E28 /* Pods */ = {
			isa = PBXGroup;
			children = (
				76DC506D265CDB83DC121B45 /* Pods-studyViewCode.debug.xcconfig */,
				051D34CEF3ED8FCA228F5F13 /* Pods-studyViewCode.release.xcconfig */,
			);
			name = Pods;
			path = Pods;
			sourceTree = "<group>";
		};
		ABB0B47CE103217B24DDE5BF /* Frameworks */ = {
			isa = PBXGroup;
			children = (
				BCE095B01A4702001C0336A8 /* Pods_studyViewCode.framework */,
			);
			name = Frameworks;
			sourceTree = "<group>";
		};
/* End PBXGroup section */

/* Begin PBXNativeTarget section */
		4AF573E829787D23008957E7 /* studyViewCode */ = {
			isa = PBXNativeTarget;
			buildConfigurationList = 4AF573FD29787D28008957E7 /* Build configuration list for PBXNativeTarget "studyViewCode" */;
			buildPhases = (
				7B660CF5DFA6AF7ECE8CCF72 /* [CP] Check Pods Manifest.lock */,
				4AF573E529787D23008957E7 /* Sources */,
				4AF573E629787D23008957E7 /* Frameworks */,
				4AF573E729787D23008957E7 /* Resources */,
				2765875B244D910FDDFB4D6B /* [CP] Embed Pods Frameworks */,
			);
			buildRules = (
			);
			dependencies = (
			);
			name = studyViewCode;
			productName = studyViewCode;
			productReference = 4AF573E929787D23008957E7 /* studyViewCode.app */;
			productType = "com.apple.product-type.application";
		};
/* End PBXNativeTarget section */

/* Begin PBXProject section */
		4AF573E129787D23008957E7 /* Project object */ = {
			isa = PBXProject;
			attributes = {
				BuildIndependentTargetsInParallel = 1;
				LastSwiftUpdateCheck = 1330;
				LastUpgradeCheck = 1330;
				TargetAttributes = {
					4AF573E829787D23008957E7 = {
						CreatedOnToolsVersion = 13.3.1;
					};
				};
			};
			buildConfigurationList = 4AF573E429787D23008957E7 /* Build configuration list for PBXProject "studyViewCode" */;
			compatibilityVersion = "Xcode 13.0";
			developmentRegion = en;
			hasScannedForEncodings = 0;
			knownRegions = (
				en,
				Base,
			);
			mainGroup = 4AF573E029787D23008957E7;
			productRefGroup = 4AF573EA29787D23008957E7 /* Products */;
			projectDirPath = "";
			projectRoot = "";
			targets = (
				4AF573E829787D23008957E7 /* studyViewCode */,
			);
		};
/* End PBXProject section */

/* Begin PBXResourcesBuildPhase section */
		4AF573E729787D23008957E7 /* Resources */ = {
			isa = PBXResourcesBuildPhase;
			buildActionMask = 2147483647;
			files = (
				4AF5741729802653008957E7 /* user.json in Resources */,
				4AF573F929787D28008957E7 /* LaunchScreen.storyboard in Resources */,
				4AF573F629787D28008957E7 /* Assets.xcassets in Resources */,
			);
			runOnlyForDeploymentPostprocessing = 0;
		};
/* End PBXResourcesBuildPhase section */

/* Begin PBXShellScriptBuildPhase section */
		2765875B244D910FDDFB4D6B /* [CP] Embed Pods Frameworks */ = {
			isa = PBXShellScriptBuildPhase;
			buildActionMask = 2147483647;
			files = (
			);
			inputFileListPaths = (
				"${PODS_ROOT}/Target Support Files/Pods-studyViewCode/Pods-studyViewCode-frameworks-${CONFIGURATION}-input-files.xcfilelist",
			);
			name = "[CP] Embed Pods Frameworks";
			outputFileListPaths = (
				"${PODS_ROOT}/Target Support Files/Pods-studyViewCode/Pods-studyViewCode-frameworks-${CONFIGURATION}-output-files.xcfilelist",
			);
			runOnlyForDeploymentPostprocessing = 0;
			shellPath = /bin/sh;
			shellScript = "\"${PODS_ROOT}/Target Support Files/Pods-studyViewCode/Pods-studyViewCode-frameworks.sh\"\n";
			showEnvVarsInLog = 0;
		};
		7B660CF5DFA6AF7ECE8CCF72 /* [CP] Check Pods Manifest.lock */ = {
			isa = PBXShellScriptBuildPhase;
			buildActionMask = 2147483647;
			files = (
			);
			inputFileListPaths = (
			);
			inputPaths = (
				"${PODS_PODFILE_DIR_PATH}/Podfile.lock",
				"${PODS_ROOT}/Manifest.lock",
			);
			name = "[CP] Check Pods Manifest.lock";
			outputFileListPaths = (
			);
			outputPaths = (
				"$(DERIVED_FILE_DIR)/Pods-studyViewCode-checkManifestLockResult.txt",
			);
			runOnlyForDeploymentPostprocessing = 0;
			shellPath = /bin/sh;
			shellScript = "diff \"${PODS_PODFILE_DIR_PATH}/Podfile.lock\" \"${PODS_ROOT}/Manifest.lock\" > /dev/null\nif [ $? != 0 ] ; then\n    # print error to STDERR\n    echo \"error: The sandbox is not in sync with the Podfile.lock. Run 'pod install' or update your CocoaPods installation.\" >&2\n    exit 1\nfi\n# This output is used by Xcode 'outputs' to avoid re-running this script phase.\necho \"SUCCESS\" > \"${SCRIPT_OUTPUT_FILE_0}\"\n";
			showEnvVarsInLog = 0;
		};
/* End PBXShellScriptBuildPhase section */

/* Begin PBXSourcesBuildPhase section */
		4AF573E529787D23008957E7 /* Sources */ = {
			isa = PBXSourcesBuildPhase;
			buildActionMask = 2147483647;
			files = (
				4AF57412297F0553008957E7 /* CustomTableViewCellScreen.swift in Sources */,
				4AF5740A29799578008957E7 /* CustomTableViewCell.swift in Sources */,
				4AF574062978920C008957E7 /* ViewModel.swift in Sources */,
				4AF573F129787D23008957E7 /* HomeViewController.swift in Sources */,
				4AF5740C297995D6008957E7 /* CustomCellViewModel.swift in Sources */,
				4AF573ED29787D23008957E7 /* AppDelegate.swift in Sources */,
				4AF5740F2979E2B2008957E7 /* HomeViewScreen.swift in Sources */,
				4AF57415298022E6008957E7 /* Service.swift in Sources */,
				4AF5740229789149008957E7 /* User.swift in Sources */,
				4AF573EF29787D23008957E7 /* SceneDelegate.swift in Sources */,
			);
			runOnlyForDeploymentPostprocessing = 0;
		};
/* End PBXSourcesBuildPhase section */

/* Begin PBXVariantGroup section */
		4AF573F729787D28008957E7 /* LaunchScreen.storyboard */ = {
			isa = PBXVariantGroup;
			children = (
				4AF573F829787D28008957E7 /* Base */,
			);
			name = LaunchScreen.storyboard;
			sourceTree = "<group>";
		};
/* End PBXVariantGroup section */

/* Begin XCBuildConfiguration section */
		4AF573FB29787D28008957E7 /* Debug */ = {
			isa = XCBuildConfiguration;
			buildSettings = {
				ALWAYS_SEARCH_USER_PATHS = NO;
				CLANG_ANALYZER_NONNULL = YES;
				CLANG_ANALYZER_NUMBER_OBJECT_CONVERSION = YES_AGGRESSIVE;
				CLANG_CXX_LANGUAGE_STANDARD = "gnu++17";
				CLANG_ENABLE_MODULES = YES;
				CLANG_ENABLE_OBJC_ARC = YES;
				CLANG_ENABLE_OBJC_WEAK = YES;
				CLANG_WARN_BLOCK_CAPTURE_AUTORELEASING = YES;
				CLANG_WARN_BOOL_CONVERSION = YES;
				CLANG_WARN_COMMA = YES;
				CLANG_WARN_CONSTANT_CONVERSION = YES;
				CLANG_WARN_DEPRECATED_OBJC_IMPLEMENTATIONS = YES;
				CLANG_WARN_DIRECT_OBJC_ISA_USAGE = YES_ERROR;
				CLANG_WARN_DOCUMENTATION_COMMENTS = YES;
				CLANG_WARN_EMPTY_BODY = YES;
				CLANG_WARN_ENUM_CONVERSION = YES;
				CLANG_WARN_INFINITE_RECURSION = YES;
				CLANG_WARN_INT_CONVERSION = YES;
				CLANG_WARN_NON_LITERAL_NULL_CONVERSION = YES;
				CLANG_WARN_OBJC_IMPLICIT_RETAIN_SELF = YES;
				CLANG_WARN_OBJC_LITERAL_CONVERSION = YES;
				CLANG_WARN_OBJC_ROOT_CLASS = YES_ERROR;
				CLANG_WARN_QUOTED_INCLUDE_IN_FRAMEWORK_HEADER = YES;
				CLANG_WARN_RANGE_LOOP_ANALYSIS = YES;
				CLANG_WARN_STRICT_PROTOTYPES = YES;
				CLANG_WARN_SUSPICIOUS_MOVE = YES;
				CLANG_WARN_UNGUARDED_AVAILABILITY = YES_AGGRESSIVE;
				CLANG_WARN_UNREACHABLE_CODE = YES;
				CLANG_WARN__DUPLICATE_METHOD_MATCH = YES;
				COPY_PHASE_STRIP = NO;
				DEBUG_INFORMATION_FORMAT = dwarf;
				ENABLE_STRICT_OBJC_MSGSEND = YES;
				ENABLE_TESTABILITY = YES;
				GCC_C_LANGUAGE_STANDARD = gnu11;
				GCC_DYNAMIC_NO_PIC = NO;
				GCC_NO_COMMON_BLOCKS = YES;
				GCC_OPTIMIZATION_LEVEL = 0;
				GCC_PREPROCESSOR_DEFINITIONS = (
					"DEBUG=1",
					"$(inherited)",
				);
				GCC_WARN_64_TO_32_BIT_CONVERSION = YES;
				GCC_WARN_ABOUT_RETURN_TYPE = YES_ERROR;
				GCC_WARN_UNDECLARED_SELECTOR = YES;
				GCC_WARN_UNINITIALIZED_AUTOS = YES_AGGRESSIVE;
				GCC_WARN_UNUSED_FUNCTION = YES;
				GCC_WARN_UNUSED_VARIABLE = YES;
				IPHONEOS_DEPLOYMENT_TARGET = 15.4;
				MTL_ENABLE_DEBUG_INFO = INCLUDE_SOURCE;
				MTL_FAST_MATH = YES;
				ONLY_ACTIVE_ARCH = YES;
				SDKROOT = iphoneos;
				SWIFT_ACTIVE_COMPILATION_CONDITIONS = DEBUG;
				SWIFT_OPTIMIZATION_LEVEL = "-Onone";
			};
			name = Debug;
		};
		4AF573FC29787D28008957E7 /* Release */ = {
			isa = XCBuildConfiguration;
			buildSettings = {
				ALWAYS_SEARCH_USER_PATHS = NO;
				CLANG_ANALYZER_NONNULL = YES;
				CLANG_ANALYZER_NUMBER_OBJECT_CONVERSION = YES_AGGRESSIVE;
				CLANG_CXX_LANGUAGE_STANDARD = "gnu++17";
				CLANG_ENABLE_MODULES = YES;
				CLANG_ENABLE_OBJC_ARC = YES;
				CLANG_ENABLE_OBJC_WEAK = YES;
				CLANG_WARN_BLOCK_CAPTURE_AUTORELEASING = YES;
				CLANG_WARN_BOOL_CONVERSION = YES;
				CLANG_WARN_COMMA = YES;
				CLANG_WARN_CONSTANT_CONVERSION = YES;
				CLANG_WARN_DEPRECATED_OBJC_IMPLEMENTATIONS = YES;
				CLANG_WARN_DIRECT_OBJC_ISA_USAGE = YES_ERROR;
				CLANG_WARN_DOCUMENTATION_COMMENTS = YES;
				CLANG_WARN_EMPTY_BODY = YES;
				CLANG_WARN_ENUM_CONVERSION = YES;
				CLANG_WARN_INFINITE_RECURSION = YES;
				CLANG_WARN_INT_CONVERSION = YES;
				CLANG_WARN_NON_LITERAL_NULL_CONVERSION = YES;
				CLANG_WARN_OBJC_IMPLICIT_RETAIN_SELF = YES;
				CLANG_WARN_OBJC_LITERAL_CONVERSION = YES;
				CLANG_WARN_OBJC_ROOT_CLASS = YES_ERROR;
				CLANG_WARN_QUOTED_INCLUDE_IN_FRAMEWORK_HEADER = YES;
				CLANG_WARN_RANGE_LOOP_ANALYSIS = YES;
				CLANG_WARN_STRICT_PROTOTYPES = YES;
				CLANG_WARN_SUSPICIOUS_MOVE = YES;
				CLANG_WARN_UNGUARDED_AVAILABILITY = YES_AGGRESSIVE;
				CLANG_WARN_UNREACHABLE_CODE = YES;
				CLANG_WARN__DUPLICATE_METHOD_MATCH = YES;
				COPY_PHASE_STRIP = NO;
				DEBUG_INFORMATION_FORMAT = "dwarf-with-dsym";
				ENABLE_NS_ASSERTIONS = NO;
				ENABLE_STRICT_OBJC_MSGSEND = YES;
				GCC_C_LANGUAGE_STANDARD = gnu11;
				GCC_NO_COMMON_BLOCKS = YES;
				GCC_WARN_64_TO_32_BIT_CONVERSION = YES;
				GCC_WARN_ABOUT_RETURN_TYPE = YES_ERROR;
				GCC_WARN_UNDECLARED_SELECTOR = YES;
				GCC_WARN_UNINITIALIZED_AUTOS = YES_AGGRESSIVE;
				GCC_WARN_UNUSED_FUNCTION = YES;
				GCC_WARN_UNUSED_VARIABLE = YES;
				IPHONEOS_DEPLOYMENT_TARGET = 15.4;
				MTL_ENABLE_DEBUG_INFO = NO;
				MTL_FAST_MATH = YES;
				SDKROOT = iphoneos;
				SWIFT_COMPILATION_MODE = wholemodule;
				SWIFT_OPTIMIZATION_LEVEL = "-O";
				VALIDATE_PRODUCT = YES;
			};
			name = Release;
		};
		4AF573FE29787D28008957E7 /* Debug */ = {
			isa = XCBuildConfiguration;
			baseConfigurationReference = 76DC506D265CDB83DC121B45 /* Pods-studyViewCode.debug.xcconfig */;
			buildSettings = {
				ASSETCATALOG_COMPILER_APPICON_NAME = AppIcon;
				ASSETCATALOG_COMPILER_GLOBAL_ACCENT_COLOR_NAME = AccentColor;
				CODE_SIGN_STYLE = Automatic;
				CURRENT_PROJECT_VERSION = 1;
				GENERATE_INFOPLIST_FILE = YES;
				INFOPLIST_FILE = studyViewCode/Info.plist;
				INFOPLIST_KEY_UIApplicationSupportsIndirectInputEvents = YES;
				INFOPLIST_KEY_UILaunchStoryboardName = LaunchScreen;
				INFOPLIST_KEY_UISupportedInterfaceOrientations_iPad = "UIInterfaceOrientationPortrait UIInterfaceOrientationPortraitUpsideDown UIInterfaceOrientationLandscapeLeft UIInterfaceOrientationLandscapeRight";
				INFOPLIST_KEY_UISupportedInterfaceOrientations_iPhone = "UIInterfaceOrientationPortrait UIInterfaceOrientationLandscapeLeft UIInterfaceOrientationLandscapeRight";
				LD_RUNPATH_SEARCH_PATHS = (
					"$(inherited)",
					"@executable_path/Frameworks",
				);
				MARKETING_VERSION = 1.0;
				PRODUCT_BUNDLE_IDENTIFIER = br.com.bruna.studyViewCode;
				PRODUCT_NAME = "$(TARGET_NAME)";
				SWIFT_EMIT_LOC_STRINGS = YES;
				SWIFT_VERSION = 5.0;
				TARGETED_DEVICE_FAMILY = "1,2";
			};
			name = Debug;
		};
		4AF573FF29787D28008957E7 /* Release */ = {
			isa = XCBuildConfiguration;
			baseConfigurationReference = 051D34CEF3ED8FCA228F5F13 /* Pods-studyViewCode.release.xcconfig */;
			buildSettings = {
				ASSETCATALOG_COMPILER_APPICON_NAME = AppIcon;
				ASSETCATALOG_COMPILER_GLOBAL_ACCENT_COLOR_NAME = AccentColor;
				CODE_SIGN_STYLE = Automatic;
				CURRENT_PROJECT_VERSION = 1;
				GENERATE_INFOPLIST_FILE = YES;
				INFOPLIST_FILE = studyViewCode/Info.plist;
				INFOPLIST_KEY_UIApplicationSupportsIndirectInputEvents = YES;
				INFOPLIST_KEY_UILaunchStoryboardName = LaunchScreen;
				INFOPLIST_KEY_UISupportedInterfaceOrientations_iPad = "UIInterfaceOrientationPortrait UIInterfaceOrientationPortraitUpsideDown UIInterfaceOrientationLandscapeLeft UIInterfaceOrientationLandscapeRight";
				INFOPLIST_KEY_UISupportedInterfaceOrientations_iPhone = "UIInterfaceOrientationPortrait UIInterfaceOrientationLandscapeLeft UIInterfaceOrientationLandscapeRight";
				LD_RUNPATH_SEARCH_PATHS = (
					"$(inherited)",
					"@executable_path/Frameworks",
				);
				MARKETING_VERSION = 1.0;
				PRODUCT_BUNDLE_IDENTIFIER = br.com.bruna.studyViewCode;
				PRODUCT_NAME = "$(TARGET_NAME)";
				SWIFT_EMIT_LOC_STRINGS = YES;
				SWIFT_VERSION = 5.0;
				TARGETED_DEVICE_FAMILY = "1,2";
			};
			name = Release;
		};
/* End XCBuildConfiguration section */

/* Begin XCConfigurationList section */
		4AF573E429787D23008957E7 /* Build configuration list for PBXProject "studyViewCode" */ = {
			isa = XCConfigurationList;
			buildConfigurations = (
				4AF573FB29787D28008957E7 /* Debug */,
				4AF573FC29787D28008957E7 /* Release */,
			);
			defaultConfigurationIsVisible = 0;
			defaultConfigurationName = Release;
		};
		4AF573FD29787D28008957E7 /* Build configuration list for PBXNativeTarget "studyViewCode" */ = {
			isa = XCConfigurationList;
			buildConfigurations = (
				4AF573FE29787D28008957E7 /* Debug */,
				4AF573FF29787D28008957E7 /* Release */,
			);
			defaultConfigurationIsVisible = 0;
			defaultConfigurationName = Release;
		};
/* End XCConfigurationList section */
	};
	rootObject = 4AF573E129787D23008957E7 /* Project object */;
}
